
Microsoft Visual Studio Solution File, Format Version 12.00
# Visual Studio 2013
VisualStudioVersion = 12.0.31101.0
MinimumVisualStudioVersion = 10.0.40219.1
Project("{FAE04EC0-301F-11D3-BF4B-00C04F79EFBC}") = "Logica", "Logica\Logica.csproj", "{72B2E627-6422-4C03-8F66-C3F7FC46AFAE}"
EndProject
Project("{FAE04EC0-301F-11D3-BF4B-00C04F79EFBC}") = "Vista", "Vista\Vista.csproj", "{0C1259B3-E7C3-4F4B-A428-6BDA802E9A18}"
EndProject
Project("{FAE04EC0-301F-11D3-BF4B-00C04F79EFBC}") = "Entidades", "Clases\Entidades.csproj", "{0224250C-0980-469F-924D-3CD0DA082E30}"
EndProject
Project("{FAE04EC0-301F-11D3-BF4B-00C04F79EFBC}") = "Interfaces", "Interfaces\Interfaces.csproj", "{C9C9962E-5F73-4C7E-9846-52F9ED1E3609}"
EndProject
Project("{FAE04EC0-301F-11D3-BF4B-00C04F79EFBC}") = "formPrueba", "formPrueba\formPrueba.csproj", "{DBCDBB12-CB00-40EA-B498-B2ADC114B055}"
EndProject
Project("{FAE04EC0-301F-11D3-BF4B-00C04F79EFBC}") = "Datos", "Datos\Datos.csproj", "{06678FAD-733E-4012-9324-4783C4D2333D}"
EndProject
Global
	GlobalSection(SolutionConfigurationPlatforms) = preSolution
		Debug|Any CPU = Debug|Any CPU
		Release|Any CPU = Release|Any CPU
	EndGlobalSection
	GlobalSection(ProjectConfigurationPlatforms) = postSolution
		{72B2E627-6422-4C03-8F66-C3F7FC46AFAE}.Debug|Any CPU.ActiveCfg = Debug|Any CPU
		{72B2E627-6422-4C03-8F66-C3F7FC46AFAE}.Debug|Any CPU.Build.0 = Debug|Any CPU
		{72B2E627-6422-4C03-8F66-C3F7FC46AFAE}.Release|Any CPU.ActiveCfg = Release|Any CPU
		{72B2E627-6422-4C03-8F66-C3F7FC46AFAE}.Release|Any CPU.Build.0 = Release|Any CPU
		{0C1259B3-E7C3-4F4B-A428-6BDA802E9A18}.Debug|Any CPU.ActiveCfg = Debug|Any CPU
		{0C1259B3-E7C3-4F4B-A428-6BDA802E9A18}.Debug|Any CPU.Build.0 = Debug|Any CPU
		{0C1259B3-E7C3-4F4B-A428-6BDA802E9A18}.Release|Any CPU.ActiveCfg = Release|Any CPU
		{0C1259B3-E7C3-4F4B-A428-6BDA802E9A18}.Release|Any CPU.Build.0 = Release|Any CPU
		{0224250C-0980-469F-924D-3CD0DA082E30}.Debug|Any CPU.ActiveCfg = Debug|Any CPU
		{0224250C-0980-469F-924D-3CD0DA082E30}.Debug|Any CPU.Build.0 = Debug|Any CPU
		{0224250C-0980-469F-924D-3CD0DA082E30}.Release|Any CPU.ActiveCfg = Release|Any CPU
		{0224250C-0980-469F-924D-3CD0DA082E30}.Release|Any CPU.Build.0 = Release|Any CPU
		{C9C9962E-5F73-4C7E-9846-52F9ED1E3609}.Debug|Any CPU.ActiveCfg = Debug|Any CPU
		{C9C9962E-5F73-4C7E-9846-52F9ED1E3609}.Debug|Any CPU.Build.0 = Debug|Any CPU
		{C9C9962E-5F73-4C7E-9846-52F9ED1E3609}.Release|Any CPU.ActiveCfg = Release|Any CPU
		{C9C9962E-5F73-4C7E-9846-52F9ED1E3609}.Release|Any CPU.Build.0 = Release|Any CPU
		{DBCDBB12-CB00-40EA-B498-B2ADC114B055}.Debug|Any CPU.ActiveCfg = Debug|Any CPU
		{DBCDBB12-CB00-40EA-B498-B2ADC114B055}.Debug|Any CPU.Build.0 = Debug|Any CPU
		{DBCDBB12-CB00-40EA-B498-B2ADC114B055}.Release|Any CPU.ActiveCfg = Release|Any CPU
		{DBCDBB12-CB00-40EA-B498-B2ADC114B055}.Release|Any CPU.Build.0 = Release|Any CPU
		{06678FAD-733E-4012-9324-4783C4D2333D}.Debug|Any CPU.ActiveCfg = Debug|Any CPU
		{06678FAD-733E-4012-9324-4783C4D2333D}.Debug|Any CPU.Build.0 = Debug|Any CPU
		{06678FAD-733E-4012-9324-4783C4D2333D}.Release|Any CPU.ActiveCfg = Release|Any CPU
		{06678FAD-733E-4012-9324-4783C4D2333D}.Release|Any CPU.Build.0 = Release|Any CPU
	EndGlobalSection
	GlobalSection(SolutionProperties) = preSolution
		HideSolutionNode = FALSE
	EndGlobalSection
EndGlobal
