
Microsoft Visual Studio Solution File, Format Version 11.00
# Visual Studio 2010
Project("{FAE04EC0-301F-11D3-BF4B-00C04F79EFBC}") = "CargarImagen", "CargarImagen\CargarImagen.csproj", "{5520271D-AD21-4D67-9A56-FC560B0B53A1}"
EndProject
Global
	GlobalSection(SolutionConfigurationPlatforms) = preSolution
		Debug|x86 = Debug|x86
		Release|x86 = Release|x86
	EndGlobalSection
	GlobalSection(ProjectConfigurationPlatforms) = postSolution
		{5520271D-AD21-4D67-9A56-FC560B0B53A1}.Debug|x86.ActiveCfg = Debug|x86
		{5520271D-AD21-4D67-9A56-FC560B0B53A1}.Debug|x86.Build.0 = Debug|x86
		{5520271D-AD21-4D67-9A56-FC560B0B53A1}.Release|x86.ActiveCfg = Release|x86
		{5520271D-AD21-4D67-9A56-FC560B0B53A1}.Release|x86.Build.0 = Release|x86
	EndGlobalSection
	GlobalSection(SolutionProperties) = preSolution
		HideSolutionNode = FALSE
	EndGlobalSection
EndGlobal
